# THIS IS AN AUTOGENERATED FILE. DO NOT EDIT THIS FILE DIRECTLY.
# yarn lockfile v1


"@types/p5@^1.6.2":
  version "1.6.2"
  resolved "https://registry.yarnpkg.com/@types/p5/-/p5-1.6.2.tgz#05b64a2375f7ddd35d7fac63e983358b418605e7"
  integrity sha512-iy1B7DBMc9e5j0DrWnIjSJh+Ro9UkKxPHspbx/GvIeGFTOIJF0H2lICnIN4go1OZEAQSHBinLd7t+oe8lrrLvA==
